lockVersion: 2.0.0
id: 479c13a8-a64a-4c55-9513-2c2580a50427
management:
  docChecksum: b149800002a5e2638125223936e5cd32
  docVersion: 1.0.0
  speakeasyVersion: 1.456.0
  generationVersion: 2.481.0
  releaseVersion: 0.1.2
  configChecksum: 77398f5ed67be95c7ec467269ae9db36
  repoURL: https://github.com/bump-sh-examples/train-travel-sdk-ts.git
  installationURL: https://github.com/bump-sh-examples/train-travel-sdk-ts
features:
  typescript:
    acceptHeaders: 2.81.2
    additionalDependencies: 0.1.0
    constsAndDefaults: 0.1.11
    core: 3.18.11
    defaultEnabledRetries: 0.1.0
    devContainers: 2.90.0
    enumUnions: 0.1.0
    envVarSecurityUsage: 0.1.2
    globalSecurity: 2.82.11
    globalSecurityCallbacks: 0.1.0
    globalSecurityFlattening: 0.1.0
    globalServerURLs: 2.82.4
    groups: 2.81.2
    inputOutputModels: 2.82.0
    nameOverrides: 2.81.2
    responseFormat: 0.2.3
    retries: 2.83.0
    sdkHooks: 0.2.0
    unions: 2.85.8
    uploadStreams: 0.1.0
    webhooks: 1.2.0
generatedFiles:
  - .devcontainer/README.md
  - .devcontainer/devcontainer.json
  - .devcontainer/setup.sh
  - .eslintrc.cjs
  - .gitattributes
  - .npmignore
  - CONTRIBUTING.md
  - FUNCTIONS.md
  - RUNTIMES.md
  - USAGE.md
  - docs/lib/utils/retryconfig.md
  - docs/models/components/accounttype.md
  - docs/models/components/bankaccount.md
  - docs/models/components/booking.md
  - docs/models/components/bookinginput.md
  - docs/models/components/bookingpayment.md
  - docs/models/components/card.md
  - docs/models/components/currency.md
  - docs/models/components/linksbooking.md
  - docs/models/components/linksself.md
  - docs/models/components/security.md
  - docs/models/components/source.md
  - docs/models/components/station.md
  - docs/models/components/trip.md
  - docs/models/operations/accounttype.md
  - docs/models/operations/bankaccount.md
  - docs/models/operations/card.md
  - docs/models/operations/createbookingjsonbookingsresponsebody.md
  - docs/models/operations/createbookingjsonresponse.md
  - docs/models/operations/createbookingjsonresponsebody.md
  - docs/models/operations/createbookingjsonresponseresult.md
  - docs/models/operations/createbookingpaymentrequest.md
  - docs/models/operations/createbookingpaymentresponse.md
  - docs/models/operations/createbookingpaymentresponsebody.md
  - docs/models/operations/createbookingrawbookingsresponsebody.md
  - docs/models/operations/createbookingrawresponse.md
  - docs/models/operations/createbookingrawresponsebody.md
  - docs/models/operations/createbookingrawresponseresult.md
  - docs/models/operations/currency.md
  - docs/models/operations/deletebookingrequest.md
  - docs/models/operations/deletebookingresponse.md
  - docs/models/operations/getbookingbookingsresponsebody.md
  - docs/models/operations/getbookingrequest.md
  - docs/models/operations/getbookingresponse.md
  - docs/models/operations/getbookingresponsebody.md
  - docs/models/operations/getbookingresponseresult.md
  - docs/models/operations/getbookingsbookingslinks.md
  - docs/models/operations/getbookingsbookingsresponsebody.md
  - docs/models/operations/getbookingslinks.md
  - docs/models/operations/getbookingsrequest.md
  - docs/models/operations/getbookingsresponse.md
  - docs/models/operations/getbookingsresponsebody.md
  - docs/models/operations/getbookingsresponseresult.md
  - docs/models/operations/getstationslinks.md
  - docs/models/operations/getstationsrequest.md
  - docs/models/operations/getstationsresponse.md
  - docs/models/operations/getstationsresponsebody.md
  - docs/models/operations/getstationsresponseresult.md
  - docs/models/operations/getstationsstationsresponsebody.md
  - docs/models/operations/gettripslinks.md
  - docs/models/operations/gettripsrequest.md
  - docs/models/operations/gettripsresponse.md
  - docs/models/operations/gettripsresponsebody.md
  - docs/models/operations/gettripsresponseresult.md
  - docs/models/operations/gettripstripslinks.md
  - docs/models/operations/gettripstripsresponsebody.md
  - docs/models/operations/links.md
  - docs/models/operations/source.md
  - docs/models/operations/status.md
  - docs/models/webhooks/links.md
  - docs/models/webhooks/newbookingrequestbody.md
  - docs/sdks/bookings/README.md
  - docs/sdks/payments/README.md
  - docs/sdks/stations/README.md
  - docs/sdks/traintravelsdk/README.md
  - docs/sdks/trips/README.md
  - jsr.json
  - package.json
  - src/core.ts
  - src/funcs/bookingsCreateJson.ts
  - src/funcs/bookingsCreateRaw.ts
  - src/funcs/bookingsDelete.ts
  - src/funcs/bookingsGet.ts
  - src/funcs/bookingsList.ts
  - src/funcs/bookingsPaymentsCreate.ts
  - src/funcs/stationsList.ts
  - src/funcs/tripsList.ts
  - src/hooks/hooks.ts
  - src/hooks/index.ts
  - src/hooks/types.ts
  - src/index.ts
  - src/lib/base64.ts
  - src/lib/config.ts
  - src/lib/dlv.ts
  - src/lib/encodings.ts
  - src/lib/env.ts
  - src/lib/files.ts
  - src/lib/http.ts
  - src/lib/is-plain-object.ts
  - src/lib/logger.ts
  - src/lib/matchers.ts
  - src/lib/primitives.ts
  - src/lib/retries.ts
  - src/lib/schemas.ts
  - src/lib/sdks.ts
  - src/lib/security.ts
  - src/lib/url.ts
  - src/models/components/booking.ts
  - src/models/components/bookinginput.ts
  - src/models/components/bookingpayment.ts
  - src/models/components/index.ts
  - src/models/components/linksbooking.ts
  - src/models/components/linksself.ts
  - src/models/components/security.ts
  - src/models/components/station.ts
  - src/models/components/trip.ts
  - src/models/errors/apierror.ts
  - src/models/errors/httpclienterrors.ts
  - src/models/errors/index.ts
  - src/models/errors/sdkvalidationerror.ts
  - src/models/operations/createbookingjson.ts
  - src/models/operations/createbookingpayment.ts
  - src/models/operations/createbookingraw.ts
  - src/models/operations/deletebooking.ts
  - src/models/operations/getbooking.ts
  - src/models/operations/getbookings.ts
  - src/models/operations/getstations.ts
  - src/models/operations/gettrips.ts
  - src/models/operations/index.ts
  - src/models/webhooks/index.ts
  - src/models/webhooks/newbooking.ts
  - src/sdk/bookings.ts
  - src/sdk/index.ts
  - src/sdk/payments.ts
  - src/sdk/sdk.ts
  - src/sdk/stations.ts
  - src/sdk/trips.ts
  - src/types/blobs.ts
  - src/types/constdatetime.ts
  - src/types/enums.ts
  - src/types/fp.ts
  - src/types/index.ts
  - src/types/operations.ts
  - src/types/rfcdate.ts
  - src/types/streams.ts
  - src/types/webhooks.ts
  - tsconfig.json
examples:
  get-stations:
    "":
      parameters:
        query:
          page: 1
          limit: 10
          coordinates: "52.5200,13.4050"
          search: "Paris"
          country: "DE"
      responses:
        "200":
          application/json: {"data": [{"id": "efdbb9d1-02c2-4bc3-afb7-6788d8782b1e", "name": "Berlin Hauptbahnhof", "address": "Invalidenstraße 10557 Berlin, Germany", "country_code": "DE", "timezone": "Europe/Berlin"}, {"id": "b2e783e1-c824-4d63-b37a-d8d698862f1d", "name": "Paris Gare du Nord", "address": "18 Rue de Dunkerque 75010 Paris, France", "country_code": "FR", "timezone": "Europe/Paris"}], "links": {"self": "https://api.example.com/stations&page=2", "next": "https://api.example.com/stations?page=3", "prev": "https://api.example.com/stations?page=1"}}
  get-trips:
    "":
      parameters:
        query:
          page: 1
          limit: 10
          origin: "efdbb9d1-02c2-4bc3-afb7-6788d8782b1e"
          destination: "b2e783e1-c824-4d63-b37a-d8d698862f1d"
          date: "2024-02-01T09:00:00Z"
      responses:
        "200":
          application/json: {"data": [{"id": "ea399ba1-6d95-433f-92d1-83f67b775594", "origin": "efdbb9d1-02c2-4bc3-afb7-6788d8782b1e", "destination": "b2e783e1-c824-4d63-b37a-d8d698862f1d", "departure_time": "2024-02-01T10:00:00Z", "arrival_time": "2024-02-01T16:00:00Z", "operator": "Deutsche Bahn", "price": 50, "bicycles_allowed": true, "dogs_allowed": true}, {"id": "4d67459c-af07-40bb-bb12-178dbb88e09f", "origin": "b2e783e1-c824-4d63-b37a-d8d698862f1d", "destination": "efdbb9d1-02c2-4bc3-afb7-6788d8782b1e", "departure_time": "2024-02-01T12:00:00Z", "arrival_time": "2024-02-01T18:00:00Z", "operator": "SNCF", "price": 50, "bicycles_allowed": true, "dogs_allowed": true}], "links": {"self": "https://api.example.com/trips?origin=efdbb9d1-02c2-4bc3-afb7-6788d8782b1e&destination=b2e783e1-c824-4d63-b37a-d8d698862f1d&date=2024-02-01", "next": "https://api.example.com/trips?origin=efdbb9d1-02c2-4bc3-afb7-6788d8782b1e&destination=b2e783e1-c824-4d63-b37a-d8d698862f1d&date=2024-02-01&page=2"}}
  get-bookings:
    "":
      parameters:
        query:
          page: 1
          limit: 10
      responses:
        "200":
          application/json: {"data": [{"id": "efdbb9d1-02c2-4bc3-afb7-6788d8782b1e", "trip_id": "efdbb9d1-02c2-4bc3-afb7-6788d8782b1e", "passenger_name": "John Doe", "has_bicycle": true, "has_dog": true}, {"id": "b2e783e1-c824-4d63-b37a-d8d698862f1d", "trip_id": "b2e783e1-c824-4d63-b37a-d8d698862f1d", "passenger_name": "Jane Smith", "has_bicycle": false, "has_dog": false}], "links": {"self": "https://api.example.com/bookings", "next": "https://api.example.com/bookings?page=2"}}
  create-booking:
    "":
      requestBody:
        application/json: {"trip_id": "4f4e4e1-c824-4d63-b37a-d8d698862f1d", "passenger_name": "John Doe"}
      responses:
        "201":
          application/json: {"id": "efdbb9d1-02c2-4bc3-afb7-6788d8782b1e", "trip_id": "efdbb9d1-02c2-4bc3-afb7-6788d8782b1e", "passenger_name": "John Doe", "has_bicycle": true, "has_dog": true, "links": {"self": "https://api.example.com/bookings/efdbb9d1-02c2-4bc3-afb7-6788d8782b1e"}}
  get-booking:
    "":
      parameters:
        path:
          bookingId: "1725ff48-ab45-4bb5-9d02-88745177dedb"
      responses:
        "200":
          application/json: {"id": "efdbb9d1-02c2-4bc3-afb7-6788d8782b1e", "trip_id": "efdbb9d1-02c2-4bc3-afb7-6788d8782b1e", "passenger_name": "John Doe", "has_bicycle": true, "has_dog": true, "links": {"self": "https://api.example.com/bookings/1725ff48-ab45-4bb5-9d02-88745177dedb"}}
  delete-booking:
    "":
      parameters:
        path:
          bookingId: "1725ff48-ab45-4bb5-9d02-88745177dedb"
  new-booking:
    "":
      requestBody:
        application/json: {"trip_id": "efdbb9d1-02c2-4bc3-afb7-6788d8782b1e", "passenger_name": "John Doe", "has_bicycle": true, "has_dog": true, "links": {"self": "https://api.example.com/bookings/1725ff48-ab45-4bb5-9d02-88745177dedb"}}
  create-booking-payment:
    Card:
      parameters:
        path:
          bookingId: "1725ff48-ab45-4bb5-9d02-88745177dedb"
      requestBody:
        application/json: {"amount": 49.99, "currency": "gbp", "source": {"object": "card", "name": "J. Doe", "number": "4242424242424242", "cvc": 123, "exp_month": 12, "exp_year": 2025, "address_line1": "123 Fake Street", "address_line2": "4th Floor", "address_city": "London", "address_country": "gb", "address_post_code": "N12 9XX"}}
      responses:
        "200":
          application/json: {"id": "2e3b4f5a-6b7c-8d9e-0f1a-2b3c4d5e6f7a", "amount": 49.99, "currency": "gbp", "source": {"name": "Francis Bourgeois", "number": "4242424242424242", "exp_month": 12, "exp_year": 2025, "address_country": "<value>"}, "status": "succeeded", "links": {"booking": "https://api.example.com/bookings/1725ff48-ab45-4bb5-9d02-88745177dedb/payment"}}
    Bank:
      parameters:
        path:
          bookingId: "1725ff48-ab45-4bb5-9d02-88745177dedb"
      requestBody:
        application/json: {"amount": 100.5, "currency": "gbp", "source": {"object": "bank_account", "name": "J. Doe", "number": "00012345", "sort_code": "000123", "account_type": "individual", "bank_name": "Starling Bank", "country": "gb"}}
      responses:
        "200":
          application/json: {"id": "2e3b4f5a-6b7c-8d9e-0f1a-2b3c4d5e6f7a", "amount": 100.5, "currency": "gbp", "source": {"object": "bank_account", "name": "J. Doe", "number": "*********2345", "sort_code": "000123", "account_type": "individual", "bank_name": "Starling Bank", "country": "gb"}, "status": "succeeded", "links": {"booking": "https://api.example.com/bookings/1725ff48-ab45-4bb5-9d02-88745177dedb"}}
    "":
      parameters:
        path:
          bookingId: "1725ff48-ab45-4bb5-9d02-88745177dedb"
      requestBody:
        application/json: {"amount": 49.99, "source": {"name": "<value>", "number": "<value>", "account_type": "company", "bank_name": "Starling Bank", "country": "Grenada"}}
      responses:
        "200":
          application/json: {"amount": 49.99, "source": {"name": "<value>", "number": "<value>", "account_type": "individual", "bank_name": "Starling Bank", "country": "Bonaire, Sint Eustatius and Saba"}, "links": {"booking": "https://api.example.com/bookings/1725ff48-ab45-4bb5-9d02-88745177dedb"}}
generatedTests: {}
