speakeasyVersion: 1.801.0
sources:
    Train Travel API:
        sourceNamespace: train-travel-api
        sourceRevisionDigest: sha256:e23ebadc2f74a640f2d579e3a69ab8e3930c748aaec0b14d24ccf57938889889
        sourceBlobDigest: sha256:e6f95c5869c7333e4f3878473b0c963d965562c77f215fe88ac711207f2d0ceb
        tags:
            - latest
            - 1.3.0
targets:
    train-travel-sdk:
        source: Train Travel API
        sourceNamespace: train-travel-api
        sourceRevisionDigest: sha256:e23ebadc2f74a640f2d579e3a69ab8e3930c748aaec0b14d24ccf57938889889
        sourceBlobDigest: sha256:e6f95c5869c7333e4f3878473b0c963d965562c77f215fe88ac711207f2d0ceb
        codeSamplesNamespace: train-travel-api-typescript-code-samples
        codeSamplesRevisionDigest: sha256:ed6ff75c25faa9bc318eb54b24d664b5ed7eddd7ac3691f2473f3b3f6cf1852e
workflow:
    workflowVersion: 1.0.0
    speakeasyVersion: latest
    sources:
        Train Travel API:
            inputs:
                - location: https://raw.githubusercontent.com/bump-sh-examples/train-travel-api/refs/heads/main/openapi.yaml
            overlays:
                - location: .speakeasy/speakeasy-modifications-overlay.yaml
            registry:
                location: registry.speakeasyapi.dev/protectearth/protectearth/train-travel-api
    targets:
        train-travel-sdk:
            target: typescript
            source: Train Travel API
            publish:
                npm:
                    token: $npm_token
            codeSamples:
                registry:
                    location: registry.speakeasyapi.dev/protectearth/protectearth/train-travel-api-typescript-code-samples
                blocking: false
