speakeasyVersion: 1.469.2
sources:
    Train Travel API:
        sourceNamespace: train-travel-api
        sourceRevisionDigest: sha256:c11cbb8c2b1ea1e7047c4201d91f548868f5961228f6cd6b2053da8d73b30ab2
        sourceBlobDigest: sha256:7ad89eaf9d9be4561a4cefa092c6976888e9be5790730b0fce29c4c6d904af53
        tags:
            - latest
            - speakeasy-sdk-regen-1735004717
            - 1.2.0
targets:
    train-travel-sdk:
        source: Train Travel API
        sourceNamespace: train-travel-api
        sourceRevisionDigest: sha256:c11cbb8c2b1ea1e7047c4201d91f548868f5961228f6cd6b2053da8d73b30ab2
        sourceBlobDigest: sha256:7ad89eaf9d9be4561a4cefa092c6976888e9be5790730b0fce29c4c6d904af53
        codeSamplesNamespace: train-travel-api-typescript-code-samples
        codeSamplesRevisionDigest: sha256:3ce1fcc625567e81245b648cb35051d3509917a6a3c9b423ee1496659103833d
workflow:
    workflowVersion: 1.0.0
    speakeasyVersion: latest
    sources:
        Train Travel API:
            inputs:
                - location: https://raw.githubusercontent.com/bump-sh-examples/train-travel-api/refs/heads/main/openapi.yaml
            overlays:
                - location: .speakeasy/speakeasy-modifications-overlay.yaml
            registry:
                location: registry.speakeasyapi.dev/protectearth/protectearth/train-travel-api
    targets:
        train-travel-sdk:
            target: typescript
            source: Train Travel API
            publish:
                npm:
                    token: $npm_token
            codeSamples:
                registry:
                    location: registry.speakeasyapi.dev/protectearth/protectearth/train-travel-api-typescript-code-samples
                blocking: false
