speakeasyVersion: 1.796.4
sources:
    Train Travel API:
        sourceNamespace: train-travel-api
        sourceRevisionDigest: sha256:d04d302dc37efc5fa36477d1ffdfb6acd9bb365f3fc0a43bf12acd77b63257da
        sourceBlobDigest: sha256:57382a2e4bb66f5fed3a106b846cf6f271593232e715c961f01513f198ba8a0c
        tags:
            - latest
            - 1.2.1
targets:
    train-travel-sdk:
        source: Train Travel API
        sourceNamespace: train-travel-api
        sourceRevisionDigest: sha256:d04d302dc37efc5fa36477d1ffdfb6acd9bb365f3fc0a43bf12acd77b63257da
        sourceBlobDigest: sha256:57382a2e4bb66f5fed3a106b846cf6f271593232e715c961f01513f198ba8a0c
        codeSamplesNamespace: train-travel-api-typescript-code-samples
        codeSamplesRevisionDigest: sha256:0673887e6a9bc312412b3b565795cedec45d2bb4b076cbb7ccca9baa70fe2625
workflow:
    workflowVersion: 1.0.0
    speakeasyVersion: latest
    sources:
        Train Travel API:
            inputs:
                - location: https://raw.githubusercontent.com/bump-sh-examples/train-travel-api/refs/heads/main/openapi.yaml
            overlays:
                - location: .speakeasy/speakeasy-modifications-overlay.yaml
            registry:
                location: registry.speakeasyapi.dev/protectearth/protectearth/train-travel-api
    targets:
        train-travel-sdk:
            target: typescript
            source: Train Travel API
            publish:
                npm:
                    token: $npm_token
            codeSamples:
                registry:
                    location: registry.speakeasyapi.dev/protectearth/protectearth/train-travel-api-typescript-code-samples
                blocking: false
